github.com/patrickmn/go-cache v2.1.0+incompatible h1:HRMgzkcYKYpi3C8ajMPV8OFXaaRUnok+kx1WdO15EQc=
github.com/patrickmn/go-cache v2.1.0+incompatible/go.mod h1:3Qf8kWWT7OJRJbdiICTKqZju1ZixQ/KpMGzzAfe6+WQ=
github.com/studiolambda/cosmos/contract v0.3.0 h1:ksqSlfoZ558lS+Ca9VAu5cBoFcsz5SRKGbV/Ax9SPJg=
github.com/studiolambda/cosmos/contract v0.3.0/go.mod h1:wznrOxEPIIGfontgKFGJ51qTU1sbSGQn3Ov+EQSVvls=
