github.com/studiolambda/cosmos/problem v0.2.0 h1:TgGSrxwmCuZfOoMJaXkQVnuGxLvHyRddZYcsuCBsZ2o=
github.com/studiolambda/cosmos/problem v0.2.0/go.mod h1:JUlbThLa0CVpO+E3xfKBgxSQA7FLQ6gyvdwXgcKreb4=
github.com/studiolambda/cosmos/router v0.2.0 h1:9DBSJmG0omts/lD58NKLolQ14O7jlwVBCikBeKSFYlk=
github.com/studiolambda/cosmos/router v0.2.0/go.mod h1:HLHFAO4M5HdSLHUA2zs96vgfuKOE5e/kT97XNtd8LN4=
