github.com/studiolambda/cosmos/problem v0.1.0 h1:yJYbCihZFPKa8tNEMwy1NgXAeaCadtPZma45e17OAUw=
github.com/studiolambda/cosmos/problem v0.1.0/go.mod h1:JUlbThLa0CVpO+E3xfKBgxSQA7FLQ6gyvdwXgcKreb4=
github.com/studiolambda/cosmos/router v0.1.0 h1:Sf94r5fKA1VdsaqqHHqVYgBoIZw5LRlGiVHFI9A0Ito=
github.com/studiolambda/cosmos/router v0.1.0/go.mod h1:HLHFAO4M5HdSLHUA2zs96vgfuKOE5e/kT97XNtd8LN4=
